{
  "name": "chinese_checker",
  "version": "1.0.0",
  "lockfileVersion": 3,
  "requires": true,
  "packages": {
    "": {
      "name": "chinese_checker",
      "version": "1.0.0",
      "license": "ISC",
      "dependencies": {
        "jieba-wasm": "^2.4.0"
      }
    },
    "node_modules/jieba-wasm": {
      "version": "2.4.0",
      "resolved": "https://registry.npmjs.org/jieba-wasm/-/jieba-wasm-2.4.0.tgz",
      "integrity": "sha512-ZvQdS+FGifrFXZIXSgOyOgEz+1wdy1P4vSvwe37FVtku9ycSdHTZbHqF5i9tMN1JucoAmeiLBeI6/YaqcGD+KA==",
      "license": "MIT"
    }
  }
}
